
Microsoft Visual Studio Solution File, Format Version 12.00
# Visual Studio Version 17
VisualStudioVersion = 17.10.35013.160
MinimumVisualStudioVersion = 10.0.40219.1
Project("{FAE04EC0-301F-11D3-BF4B-00C04F79EFBC}") = "EFDay2", "EFDay2.csproj", "{A1CD344F-F4F9-4C75-8499-8D49B056D817}"
EndProject
Global
	GlobalSection(SolutionConfigurationPlatforms) = preSolution
		Debug|Any CPU = Debug|Any CPU
		Release|Any CPU = Release|Any CPU
	EndGlobalSection
	GlobalSection(ProjectConfigurationPlatforms) = postSolution
		{A1CD344F-F4F9-4C75-8499-8D49B056D817}.Debug|Any CPU.ActiveCfg = Debug|Any CPU
		{A1CD344F-F4F9-4C75-8499-8D49B056D817}.Debug|Any CPU.Build.0 = Debug|Any CPU
		{A1CD344F-F4F9-4C75-8499-8D49B056D817}.Release|Any CPU.ActiveCfg = Release|Any CPU
		{A1CD344F-F4F9-4C75-8499-8D49B056D817}.Release|Any CPU.Build.0 = Release|Any CPU
	EndGlobalSection
	GlobalSection(SolutionProperties) = preSolution
		HideSolutionNode = FALSE
	EndGlobalSection
	GlobalSection(ExtensibilityGlobals) = postSolution
		SolutionGuid = {3F84DFA8-D9F8-4D95-9F3B-9DDC4A03C629}
	EndGlobalSection
EndGlobal
